
Microsoft Visual Studio Solution File, Format Version 12.00
# Visual Studio Version 17
VisualStudioVersion = 17.11.35327.3
MinimumVisualStudioVersion = 10.0.40219.1
Project("{FAE04EC0-301F-11D3-BF4B-00C04F79EFBC}") = "KrylovVladimir-KT-42-22", "KrylovVladimir-KT-42-22\KrylovVladimir-KT-42-22.csproj", "{89730D5E-8E0D-4727-9983-D50414BCB96E}"
EndProject
Global
	GlobalSection(SolutionConfigurationPlatforms) = preSolution
		Debug|Any CPU = Debug|Any CPU
		Release|Any CPU = Release|Any CPU
	EndGlobalSection
	GlobalSection(ProjectConfigurationPlatforms) = postSolution
		{89730D5E-8E0D-4727-9983-D50414BCB96E}.Debug|Any CPU.ActiveCfg = Debug|Any CPU
		{89730D5E-8E0D-4727-9983-D50414BCB96E}.Debug|Any CPU.Build.0 = Debug|Any CPU
		{89730D5E-8E0D-4727-9983-D50414BCB96E}.Release|Any CPU.ActiveCfg = Release|Any CPU
		{89730D5E-8E0D-4727-9983-D50414BCB96E}.Release|Any CPU.Build.0 = Release|Any CPU
	EndGlobalSection
	GlobalSection(SolutionProperties) = preSolution
		HideSolutionNode = FALSE
	EndGlobalSection
	GlobalSection(ExtensibilityGlobals) = postSolution
		SolutionGuid = {EE23A7C6-BB5E-4B1D-9560-FF37E67E9724}
	EndGlobalSection
EndGlobal
